{
  "name": "grademax-blind-relay-poc",
  "version": "0.0.0",
  "lockfileVersion": 3,
  "requires": true,
  "packages": {
    "": {
      "name": "grademax-blind-relay-poc",
      "version": "0.0.0",
      "dependencies": {
        "subtls": "^0.5.0",
        "ws": "^8.18.0"
      }
    },
    "node_modules/@types/node": {
      "version": "22.20.1",
      "resolved": "https://registry.npmjs.org/@types/node/-/node-22.20.1.tgz",
      "integrity": "sha512-EANqOCF9QFyra+4pfxUcX9STKJpCLjMbObVzljIJomAWSnuSIEAvyzEU53GaajbXJEgdh0iEcPL+DGvpUd4k1Q==",
      "license": "MIT",
      "dependencies": {
        "undici-types": "~6.21.0"
      }
    },
    "node_modules/hextreme": {
      "version": "1.0.7",
      "resolved": "https://registry.npmjs.org/hextreme/-/hextreme-1.0.7.tgz",
      "integrity": "sha512-ccYjVs+ptfpybXoA4015VcF4Hd6extDnW7tPJNNCmDp5LpCHzt508BCMIB58vIN9i9bvgyzl/ZE+Q/lWZI8sGw==",
      "license": "MIT"
    },
    "node_modules/subtls": {
      "version": "0.5.0",
      "resolved": "https://registry.npmjs.org/subtls/-/subtls-0.5.0.tgz",
      "integrity": "sha512-RS4WpUm6MJ8QD6LqWWvrFpnsC6WtWTj6DwA0Bx3MD4BmdqYhTT+6aDjKlnqPDFz9NWrXFE3RiC0pGApE6el3YQ==",
      "license": "MIT",
      "dependencies": {
        "@types/node": "^22.10.2",
        "hextreme": "^1.0.6"
      }
    },
    "node_modules/undici-types": {
      "version": "6.21.0",
      "resolved": "https://registry.npmjs.org/undici-types/-/undici-types-6.21.0.tgz",
      "integrity": "sha512-iwDZqg0QAGrg9Rav5H4n0M64c3mkR59cJ6wQp+7C4nI0gsmExaedaYLNO44eT4AtBBwjbTiGPMlt2Md0T9H9JQ==",
      "license": "MIT"
    },
    "node_modules/ws": {
      "version": "8.21.1",
      "resolved": "https://registry.npmjs.org/ws/-/ws-8.21.1.tgz",
      "integrity": "sha512-+0NTnW77fFN/DjQi6k/Sq/Yvk4Sgajw7urW8V+asjXnRgDs9gyGkdb7EzgfhA4goXsRIZKE28fzIXBHEzhuiWw==",
      "license": "MIT",
      "engines": {
        "node": ">=10.0.0"
      },
      "peerDependencies": {
        "bufferutil": "^4.0.1",
        "utf-8-validate": ">=5.0.2"
      },
      "peerDependenciesMeta": {
        "bufferutil": {
          "optional": true
        },
        "utf-8-validate": {
          "optional": true
        }
      }
    }
  }
}
